// !$*UTF8*$!
{
	archiveVersion = 1;
	classes = {
	};
	objectVersion = 51;
	objects = {

/* Begin PBXBuildFile section */
		150DA2332876C98500690800 /* AppDelegate.swift in Sources */ = {isa = PBXBuildFile; fileRef = 150DA2322876C98500690800 /* AppDelegate.swift */; };
		150DA2352876C98500690800 /* SceneDelegate.swift in Sources */ = {isa = PBXBuildFile; fileRef = 150DA2342876C98500690800 /* SceneDelegate.swift */; };
		150DA2372876C98500690800 /* ViewController.swift in Sources */ = {isa = PBXBuildFile; fileRef = 150DA2362876C98500690800 /* ViewController.swift */; };
		150DA23A2876C98500690800 /* Main.storyboard in Resources */ = {isa = PBXBuildFile; fileRef = 150DA2382876C98500690800 /* Main.storyboard */; };
		150DA23C2876C98800690800 /* Assets.xcassets in Resources */ = {isa = PBXBuildFile; fileRef = 150DA23B2876C98800690800 /* Assets.xcassets */; };
		150DA23F2876C98800690800 /* LaunchScreen.storyboard in Resources */ = {isa = PBXBuildFile; fileRef = 150DA23D2876C98800690800 /* LaunchScreen.storyboard */; };
		1531FA682885C0CB00488F24 /* PlayerDetailView.xib in Resources */ = {isa = PBXBuildFile; fileRef = 1531FA672885C0CB00488F24 /* PlayerDetailView.xib */; };
		1531FA6B2886EDFF00488F24 /* CMTime.swift in Sources */ = {isa = PBXBuildFile; fileRef = 1531FA6A2886EDFD00488F24 /* CMTime.swift */; };
		1536851228781FE90022C6F1 /* PodcastsSearchController.swift in Sources */ = {isa = PBXBuildFile; fileRef = 1536851128781FE90022C6F1 /* PodcastsSearchController.swift */; };
		1537286B287D440F00742456 /* PodcastCell.xib in Resources */ = {isa = PBXBuildFile; fileRef = 1537286A287D440F00742456 /* PodcastCell.xib */; };
		1537286F287D48F100742456 /* PodcastCell.swift in Sources */ = {isa = PBXBuildFile; fileRef = 1537286E287D48F100742456 /* PodcastCell.swift */; };
		15372879287FFB2900742456 /* EpisodesController.swift in Sources */ = {isa = PBXBuildFile; fileRef = 15372878287FFB2900742456 /* EpisodesController.swift */; };
		1537289B28814DF600742456 /* EpisodeCell.swift in Sources */ = {isa = PBXBuildFile; fileRef = 1537289928814DF600742456 /* EpisodeCell.swift */; };
		153728A228815E9700742456 /* EpisodeCell.xib in Resources */ = {isa = PBXBuildFile; fileRef = 153728A128815E9700742456 /* EpisodeCell.xib */; };
		153728A628816E1100742456 /* String.swift in Sources */ = {isa = PBXBuildFile; fileRef = 153728A528816E1100742456 /* String.swift */; };
		153728A928816F9B00742456 /* RSSFeed.swift in Sources */ = {isa = PBXBuildFile; fileRef = 153728A828816F9B00742456 /* RSSFeed.swift */; };
		153728B12883F16F00742456 /* PlayerDetailView.swift in Sources */ = {isa = PBXBuildFile; fileRef = 153728B02883F16F00742456 /* PlayerDetailView.swift */; };
		153D50752893C7570062FB0C /* Podcast.swift in Sources */ = {isa = PBXBuildFile; fileRef = 153D50742893C7570062FB0C /* Podcast.swift */; };
		153D50782893C75F0062FB0C /* Episode.swift in Sources */ = {isa = PBXBuildFile; fileRef = 153D50772893C75F0062FB0C /* Episode.swift */; };
		153D507C289511280062FB0C /* UserDefaults.swift in Sources */ = {isa = PBXBuildFile; fileRef = 153D507B289511280062FB0C /* UserDefaults.swift */; };
		153ED99328A93C950078F8CD /* Pods_PodcastsCourse.framework in Frameworks */ = {isa = PBXBuildFile; fileRef = 481E83371C1A3AEE98785C4F /* Pods_PodcastsCourse.framework */; };
		154CDD1F28926EB300DE7D2D /* PlayerDetailViewGestures.swift in Sources */ = {isa = PBXBuildFile; fileRef = 154CDD1E28926EB300DE7D2D /* PlayerDetailViewGestures.swift */; };
		154CDD2328927FDE00DE7D2D /* UIApplication.swift in Sources */ = {isa = PBXBuildFile; fileRef = 154CDD2228927FDE00DE7D2D /* UIApplication.swift */; };
		154CDD2628928B2200DE7D2D /* FavoritesController.swift in Sources */ = {isa = PBXBuildFile; fileRef = 154CDD2528928B2200DE7D2D /* FavoritesController.swift */; };
		15830E91287C369E001D2583 /* APIService.swift in Sources */ = {isa = PBXBuildFile; fileRef = 15830E90287C369D001D2583 /* APIService.swift */; };
		15984E5728C0D54900D2949F /* FavoritesViewCell.swift in Sources */ = {isa = PBXBuildFile; fileRef = 15984E5628C0D54900D2949F /* FavoritesViewCell.swift */; };
		15984E5A28C1E8E200D2949F /* DownloadsController.swift in Sources */ = {isa = PBXBuildFile; fileRef = 15984E5928C1E8E200D2949F /* DownloadsController.swift */; };
		15D03FBF2876CF3600558AA0 /* MainTabBarController.swift in Sources */ = {isa = PBXBuildFile; fileRef = 15D03FBE2876CF3600558AA0 /* MainTabBarController.swift */; };
/* End PBXBuildFile section */

/* Begin PBXFileReference section */
		150DA22F2876C98500690800 /* PodcastsCourse.app */ = {isa = PBXFileReference; explicitFileType = wrapper.application; includeInIndex = 0; path = PodcastsCourse.app; sourceTree = BUILT_PRODUCTS_DIR; };
		150DA2322876C98500690800 /* AppDelegate.swift */ = {isa = PBXFileReference; lastKnownFileType = sourcecode.swift; path = AppDelegate.swift; sourceTree = "<group>"; };
		150DA2342876C98500690800 /* SceneDelegate.swift */ = {isa = PBXFileReference; lastKnownFileType = sourcecode.swift; path = SceneDelegate.swift; sourceTree = "<group>"; };
		150DA2362876C98500690800 /* ViewController.swift */ = {isa = PBXFileReference; lastKnownFileType = sourcecode.swift; path = ViewController.swift; sourceTree = "<group>"; };
		150DA2392876C98500690800 /* Base */ = {isa = PBXFileReference; lastKnownFileType = file.storyboard; name = Base; path = Base.lproj/Main.storyboard; sourceTree = "<group>"; };
		150DA23B2876C98800690800 /* Assets.xcassets */ = {isa = PBXFileReference; lastKnownFileType = folder.assetcatalog; path = Assets.xcassets; sourceTree = "<group>"; };
		150DA23E2876C98800690800 /* Base */ = {isa = PBXFileReference; lastKnownFileType = file.storyboard; name = Base; path = Base.lproj/LaunchScreen.storyboard; sourceTree = "<group>"; };
		150DA2402876C98800690800 /* Info.plist */ = {isa = PBXFileReference; lastKnownFileType = text.plist.xml; path = Info.plist; sourceTree = "<group>"; };
		1531FA672885C0CB00488F24 /* PlayerDetailView.xib */ = {isa = PBXFileReference; lastKnownFileType = file.xib; path = PlayerDetailView.xib; sourceTree = "<group>"; };
		1531FA6A2886EDFD00488F24 /* CMTime.swift */ = {isa = PBXFileReference; lastKnownFileType = sourcecode.swift; path = CMTime.swift; sourceTree = "<group>"; };
		1536851128781FE90022C6F1 /* PodcastsSearchController.swift */ = {isa = PBXFileReference; lastKnownFileType = sourcecode.swift; path = PodcastsSearchController.swift; sourceTree = "<group>"; };
		1537286A287D440F00742456 /* PodcastCell.xib */ = {isa = PBXFileReference; lastKnownFileType = file.xib; path = PodcastCell.xib; sourceTree = "<group>"; };
		1537286E287D48F100742456 /* PodcastCell.swift */ = {isa = PBXFileReference; lastKnownFileType = sourcecode.swift; path = PodcastCell.swift; sourceTree = "<group>"; };
		15372878287FFB2900742456 /* EpisodesController.swift */ = {isa = PBXFileReference; lastKnownFileType = sourcecode.swift; path = EpisodesController.swift; sourceTree = "<group>"; };
		1537289928814DF600742456 /* EpisodeCell.swift */ = {isa = PBXFileReference; lastKnownFileType = sourcecode.swift; path = EpisodeCell.swift; sourceTree = "<group>"; };
		153728A128815E9700742456 /* EpisodeCell.xib */ = {isa = PBXFileReference; lastKnownFileType = file.xib; path = EpisodeCell.xib; sourceTree = "<group>"; };
		153728A528816E1100742456 /* String.swift */ = {isa = PBXFileReference; lastKnownFileType = sourcecode.swift; path = String.swift; sourceTree = "<group>"; };
		153728A828816F9B00742456 /* RSSFeed.swift */ = {isa = PBXFileReference; lastKnownFileType = sourcecode.swift; path = RSSFeed.swift; sourceTree = "<group>"; };
		153728B02883F16F00742456 /* PlayerDetailView.swift */ = {isa = PBXFileReference; lastKnownFileType = sourcecode.swift; path = PlayerDetailView.swift; sourceTree = "<group>"; };
		153D50742893C7570062FB0C /* Podcast.swift */ = {isa = PBXFileReference; lastKnownFileType = sourcecode.swift; path = Podcast.swift; sourceTree = "<group>"; };
		153D50772893C75F0062FB0C /* Episode.swift */ = {isa = PBXFileReference; lastKnownFileType = sourcecode.swift; path = Episode.swift; sourceTree = "<group>"; };
		153D507B289511280062FB0C /* UserDefaults.swift */ = {isa = PBXFileReference; lastKnownFileType = sourcecode.swift; path = UserDefaults.swift; sourceTree = "<group>"; };
		154CDD1E28926EB300DE7D2D /* PlayerDetailViewGestures.swift */ = {isa = PBXFileReference; lastKnownFileType = sourcecode.swift; path = PlayerDetailViewGestures.swift; sourceTree = "<group>"; };
		154CDD2228927FDE00DE7D2D /* UIApplication.swift */ = {isa = PBXFileReference; lastKnownFileType = sourcecode.swift; path = UIApplication.swift; sourceTree = "<group>"; };
		154CDD2528928B2200DE7D2D /* FavoritesController.swift */ = {isa = PBXFileReference; lastKnownFileType = sourcecode.swift; path = FavoritesController.swift; sourceTree = "<group>"; };
		15830E90287C369D001D2583 /* APIService.swift */ = {isa = PBXFileReference; lastKnownFileType = sourcecode.swift; path = APIService.swift; sourceTree = "<group>"; };
		15984E5628C0D54900D2949F /* FavoritesViewCell.swift */ = {isa = PBXFileReference; lastKnownFileType = sourcecode.swift; path = FavoritesViewCell.swift; sourceTree = "<group>"; };
		15984E5928C1E8E200D2949F /* DownloadsController.swift */ = {isa = PBXFileReference; lastKnownFileType = sourcecode.swift; path = DownloadsController.swift; sourceTree = "<group>"; };
		15D03FBE2876CF3600558AA0 /* MainTabBarController.swift */ = {isa = PBXFileReference; lastKnownFileType = sourcecode.swift; path = MainTabBarController.swift; sourceTree = "<group>"; };
		481E83371C1A3AEE98785C4F /* Pods_PodcastsCourse.framework */ = {isa = PBXFileReference; explicitFileType = wrapper.framework; includeInIndex = 0; path = Pods_PodcastsCourse.framework; sourceTree = BUILT_PRODUCTS_DIR; };
		541CF5E3DBC50B65444A3361 /* Pods-PodcastsCourse.release.xcconfig */ = {isa = PBXFileReference; includeInIndex = 1; lastKnownFileType = text.xcconfig; name = "Pods-PodcastsCourse.release.xcconfig"; path = "Target Support Files/Pods-PodcastsCourse/Pods-PodcastsCourse.release.xcconfig"; sourceTree = "<group>"; };
		BD065CB50E29F0577A2EFFE3 /* Pods-PodcastsCourse.debug.xcconfig */ = {isa = PBXFileReference; includeInIndex = 1; lastKnownFileType = text.xcconfig; name = "Pods-PodcastsCourse.debug.xcconfig"; path = "Target Support Files/Pods-PodcastsCourse/Pods-PodcastsCourse.debug.xcconfig"; sourceTree = "<group>"; };
/* End PBXFileReference section */

/* Begin PBXFrameworksBuildPhase section */
		150DA22C2876C98500690800 /* Frameworks */ = {
			isa = PBXFrameworksBuildPhase;
			buildActionMask = 2147483647;
			files = (
				153ED99328A93C950078F8CD /* Pods_PodcastsCourse.framework in Frameworks */,
			);
			runOnlyForDeploymentPostprocessing = 0;
		};
/* End PBXFrameworksBuildPhase section */

/* Begin PBXGroup section */
		150DA2262876C98500690800 = {
			isa = PBXGroup;
			children = (
				150DA2312876C98500690800 /* PodcastsCourse */,
				150DA2302876C98500690800 /* Products */,
				3BA03D9EC822A9ACEC5240C2 /* Pods */,
				6FE66F27608BA175D0DD0401 /* Frameworks */,
			);
			sourceTree = "<group>";
		};
		150DA2302876C98500690800 /* Products */ = {
			isa = PBXGroup;
			children = (
				150DA22F2876C98500690800 /* PodcastsCourse.app */,
			);
			name = Products;
			sourceTree = "<group>";
		};
		150DA2312876C98500690800 /* PodcastsCourse */ = {
			isa = PBXGroup;
			children = (
				150DA2402876C98800690800 /* Info.plist */,
				15DEC29828E0686600D9994E /* Supporting files */,
				153728A428816E0400742456 /* Extensions */,
				15830E8F287C368D001D2583 /* Service */,
				15368514287820E20022C6F1 /* Models */,
				15DEC29B28E06DEC00D9994E /* View */,
				150DA2502876CC9E00690800 /* Controllers */,
			);
			path = PodcastsCourse;
			sourceTree = "<group>";
		};
		150DA2502876CC9E00690800 /* Controllers */ = {
			isa = PBXGroup;
			children = (
				15D03FBE2876CF3600558AA0 /* MainTabBarController.swift */,
				15984E4D28C0D2A800D2949F /* SearchController */,
				15984E4E28C0D2E900D2949F /* EpisodesController */,
				15984E5128C0D31100D2949F /* FavoritesController */,
				15984E5C28C1E8E700D2949F /* DownloadsController */,
			);
			path = Controllers;
			sourceTree = "<group>";
		};
		15368514287820E20022C6F1 /* Models */ = {
			isa = PBXGroup;
			children = (
				153D50742893C7570062FB0C /* Podcast.swift */,
				153D50772893C75F0062FB0C /* Episode.swift */,
			);
			path = Models;
			sourceTree = "<group>";
		};
		1537288028814C3F00742456 /* PodcastsView */ = {
			isa = PBXGroup;
			children = (
				1537286A287D440F00742456 /* PodcastCell.xib */,
				1537286E287D48F100742456 /* PodcastCell.swift */,
			);
			path = PodcastsView;
			sourceTree = "<group>";
		};
		1537289028814CD500742456 /* EpisodesView */ = {
			isa = PBXGroup;
			children = (
				1537289928814DF600742456 /* EpisodeCell.swift */,
				153728A128815E9700742456 /* EpisodeCell.xib */,
			);
			path = EpisodesView;
			sourceTree = "<group>";
		};
		153728A428816E0400742456 /* Extensions */ = {
			isa = PBXGroup;
			children = (
				153728A528816E1100742456 /* String.swift */,
				153728A828816F9B00742456 /* RSSFeed.swift */,
				1531FA6A2886EDFD00488F24 /* CMTime.swift */,
				154CDD1E28926EB300DE7D2D /* PlayerDetailViewGestures.swift */,
				154CDD2228927FDE00DE7D2D /* UIApplication.swift */,
				153D507B289511280062FB0C /* UserDefaults.swift */,
			);
			path = Extensions;
			sourceTree = "<group>";
		};
		153728AC2883E7E500742456 /* PlayerDetailView */ = {
			isa = PBXGroup;
			children = (
				153728B02883F16F00742456 /* PlayerDetailView.swift */,
				1531FA672885C0CB00488F24 /* PlayerDetailView.xib */,
			);
			path = PlayerDetailView;
			sourceTree = "<group>";
		};
		154CDD2828929B5200DE7D2D /* FavoritesView */ = {
			isa = PBXGroup;
			children = (
				15984E5628C0D54900D2949F /* FavoritesViewCell.swift */,
			);
			path = FavoritesView;
			sourceTree = "<group>";
		};
		15830E8F287C368D001D2583 /* Service */ = {
			isa = PBXGroup;
			children = (
				15830E90287C369D001D2583 /* APIService.swift */,
			);
			path = Service;
			sourceTree = "<group>";
		};
		15984E4D28C0D2A800D2949F /* SearchController */ = {
			isa = PBXGroup;
			children = (
				1536851128781FE90022C6F1 /* PodcastsSearchController.swift */,
			);
			path = SearchController;
			sourceTree = "<group>";
		};
		15984E4E28C0D2E900D2949F /* EpisodesController */ = {
			isa = PBXGroup;
			children = (
				15372878287FFB2900742456 /* EpisodesController.swift */,
			);
			path = EpisodesController;
			sourceTree = "<group>";
		};
		15984E5128C0D31100D2949F /* FavoritesController */ = {
			isa = PBXGroup;
			children = (
				154CDD2528928B2200DE7D2D /* FavoritesController.swift */,
			);
			path = FavoritesController;
			sourceTree = "<group>";
		};
		15984E5C28C1E8E700D2949F /* DownloadsController */ = {
			isa = PBXGroup;
			children = (
				15984E5928C1E8E200D2949F /* DownloadsController.swift */,
			);
			path = DownloadsController;
			sourceTree = "<group>";
		};
		15DEC29828E0686600D9994E /* Supporting files */ = {
			isa = PBXGroup;
			children = (
				150DA23B2876C98800690800 /* Assets.xcassets */,
				150DA2362876C98500690800 /* ViewController.swift */,
				150DA2322876C98500690800 /* AppDelegate.swift */,
				150DA2342876C98500690800 /* SceneDelegate.swift */,
				150DA2382876C98500690800 /* Main.storyboard */,
				150DA23D2876C98800690800 /* LaunchScreen.storyboard */,
			);
			path = "Supporting files";
			sourceTree = "<group>";
		};
		15DEC29B28E06DEC00D9994E /* View */ = {
			isa = PBXGroup;
			children = (
				153728AC2883E7E500742456 /* PlayerDetailView */,
				1537288028814C3F00742456 /* PodcastsView */,
				1537289028814CD500742456 /* EpisodesView */,
				154CDD2828929B5200DE7D2D /* FavoritesView */,
			);
			path = View;
			sourceTree = "<group>";
		};
		3BA03D9EC822A9ACEC5240C2 /* Pods */ = {
			isa = PBXGroup;
			children = (
				BD065CB50E29F0577A2EFFE3 /* Pods-PodcastsCourse.debug.xcconfig */,
				541CF5E3DBC50B65444A3361 /* Pods-PodcastsCourse.release.xcconfig */,
			);
			path = Pods;
			sourceTree = "<group>";
		};
		6FE66F27608BA175D0DD0401 /* Frameworks */ = {
			isa = PBXGroup;
			children = (
				481E83371C1A3AEE98785C4F /* Pods_PodcastsCourse.framework */,
			);
			name = Frameworks;
			sourceTree = "<group>";
		};
/* End PBXGroup section */

/* Begin PBXNativeTarget section */
		150DA22E2876C98500690800 /* PodcastsCourse */ = {
			isa = PBXNativeTarget;
			buildConfigurationList = 150DA2432876C98800690800 /* Build configuration list for PBXNativeTarget "PodcastsCourse" */;
			buildPhases = (
				58A214FD6F3160B7F9DDE38A /* [CP] Check Pods Manifest.lock */,
				1560AD0628953A4B0003F0C0 /* ShellScript */,
				150DA22B2876C98500690800 /* Sources */,
				150DA22C2876C98500690800 /* Frameworks */,
				150DA22D2876C98500690800 /* Resources */,
				6F55F8D70525AB8EDE0DDC92 /* [CP] Embed Pods Frameworks */,
			);
			buildRules = (
			);
			dependencies = (
			);
			name = PodcastsCourse;
			productName = PodcastsCourse;
			productReference = 150DA22F2876C98500690800 /* PodcastsCourse.app */;
			productType = "com.apple.product-type.application";
		};
/* End PBXNativeTarget section */

/* Begin PBXProject section */
		150DA2272876C98500690800 /* Project object */ = {
			isa = PBXProject;
			attributes = {
				LastSwiftUpdateCheck = 1200;
				LastUpgradeCheck = 1200;
				TargetAttributes = {
					150DA22E2876C98500690800 = {
						CreatedOnToolsVersion = 12.0;
					};
				};
			};
			buildConfigurationList = 150DA22A2876C98500690800 /* Build configuration list for PBXProject "PodcastsCourse" */;
			compatibilityVersion = "Xcode 9.3";
			developmentRegion = en;
			hasScannedForEncodings = 0;
			knownRegions = (
				en,
				Base,
			);
			mainGroup = 150DA2262876C98500690800;
			productRefGroup = 150DA2302876C98500690800 /* Products */;
			projectDirPath = "";
			projectRoot = "";
			targets = (
				150DA22E2876C98500690800 /* PodcastsCourse */,
			);
		};
/* End PBXProject section */

/* Begin PBXResourcesBuildPhase section */
		150DA22D2876C98500690800 /* Resources */ = {
			isa = PBXResourcesBuildPhase;
			buildActionMask = 2147483647;
			files = (
				1531FA682885C0CB00488F24 /* PlayerDetailView.xib in Resources */,
				150DA23F2876C98800690800 /* LaunchScreen.storyboard in Resources */,
				150DA23C2876C98800690800 /* Assets.xcassets in Resources */,
				153728A228815E9700742456 /* EpisodeCell.xib in Resources */,
				1537286B287D440F00742456 /* PodcastCell.xib in Resources */,
				150DA23A2876C98500690800 /* Main.storyboard in Resources */,
			);
			runOnlyForDeploymentPostprocessing = 0;
		};
/* End PBXResourcesBuildPhase section */

/* Begin PBXShellScriptBuildPhase section */
		1560AD0628953A4B0003F0C0 /* ShellScript */ = {
			isa = PBXShellScriptBuildPhase;
			buildActionMask = 2147483647;
			files = (
			);
			inputFileListPaths = (
			);
			inputPaths = (
			);
			outputFileListPaths = (
			);
			outputPaths = (
			);
			runOnlyForDeploymentPostprocessing = 0;
			shellPath = /bin/sh;
			shellScript = "${PODS_ROOT}/SwiftLint/swiftlint\n";
		};
		58A214FD6F3160B7F9DDE38A /* [CP] Check Pods Manifest.lock */ = {
			isa = PBXShellScriptBuildPhase;
			buildActionMask = 2147483647;
			files = (
			);
			inputFileListPaths = (
			);
			inputPaths = (
				"${PODS_PODFILE_DIR_PATH}/Podfile.lock",
				"${PODS_ROOT}/Manifest.lock",
			);
			name = "[CP] Check Pods Manifest.lock";
			outputFileListPaths = (
			);
			outputPaths = (
				"$(DERIVED_FILE_DIR)/Pods-PodcastsCourse-checkManifestLockResult.txt",
			);
			runOnlyForDeploymentPostprocessing = 0;
			shellPath = /bin/sh;
			shellScript = "diff \"${PODS_PODFILE_DIR_PATH}/Podfile.lock\" \"${PODS_ROOT}/Manifest.lock\" > /dev/null\nif [ $? != 0 ] ; then\n    # print error to STDERR\n    echo \"error: The sandbox is not in sync with the Podfile.lock. Run 'pod install' or update your CocoaPods installation.\" >&2\n    exit 1\nfi\n# This output is used by Xcode 'outputs' to avoid re-running this script phase.\necho \"SUCCESS\" > \"${SCRIPT_OUTPUT_FILE_0}\"\n";
			showEnvVarsInLog = 0;
		};
		6F55F8D70525AB8EDE0DDC92 /* [CP] Embed Pods Frameworks */ = {
			isa = PBXShellScriptBuildPhase;
			buildActionMask = 2147483647;
			files = (
			);
			inputFileListPaths = (
				"${PODS_ROOT}/Target Support Files/Pods-PodcastsCourse/Pods-PodcastsCourse-frameworks-${CONFIGURATION}-input-files.xcfilelist",
			);
			name = "[CP] Embed Pods Frameworks";
			outputFileListPaths = (
				"${PODS_ROOT}/Target Support Files/Pods-PodcastsCourse/Pods-PodcastsCourse-frameworks-${CONFIGURATION}-output-files.xcfilelist",
			);
			runOnlyForDeploymentPostprocessing = 0;
			shellPath = /bin/sh;
			shellScript = "\"${PODS_ROOT}/Target Support Files/Pods-PodcastsCourse/Pods-PodcastsCourse-frameworks.sh\"\n";
			showEnvVarsInLog = 0;
		};
/* End PBXShellScriptBuildPhase section */

/* Begin PBXSourcesBuildPhase section */
		150DA22B2876C98500690800 /* Sources */ = {
			isa = PBXSourcesBuildPhase;
			buildActionMask = 2147483647;
			files = (
				154CDD2328927FDE00DE7D2D /* UIApplication.swift in Sources */,
				153728A928816F9B00742456 /* RSSFeed.swift in Sources */,
				150DA2372876C98500690800 /* ViewController.swift in Sources */,
				154CDD2628928B2200DE7D2D /* FavoritesController.swift in Sources */,
				153728B12883F16F00742456 /* PlayerDetailView.swift in Sources */,
				154CDD1F28926EB300DE7D2D /* PlayerDetailViewGestures.swift in Sources */,
				153728A628816E1100742456 /* String.swift in Sources */,
				1531FA6B2886EDFF00488F24 /* CMTime.swift in Sources */,
				153D50752893C7570062FB0C /* Podcast.swift in Sources */,
				15830E91287C369E001D2583 /* APIService.swift in Sources */,
				1537286F287D48F100742456 /* PodcastCell.swift in Sources */,
				150DA2332876C98500690800 /* AppDelegate.swift in Sources */,
				15984E5728C0D54900D2949F /* FavoritesViewCell.swift in Sources */,
				153D50782893C75F0062FB0C /* Episode.swift in Sources */,
				1537289B28814DF600742456 /* EpisodeCell.swift in Sources */,
				15D03FBF2876CF3600558AA0 /* MainTabBarController.swift in Sources */,
				153D507C289511280062FB0C /* UserDefaults.swift in Sources */,
				1536851228781FE90022C6F1 /* PodcastsSearchController.swift in Sources */,
				15984E5A28C1E8E200D2949F /* DownloadsController.swift in Sources */,
				150DA2352876C98500690800 /* SceneDelegate.swift in Sources */,
				15372879287FFB2900742456 /* EpisodesController.swift in Sources */,
			);
			runOnlyForDeploymentPostprocessing = 0;
		};
/* End PBXSourcesBuildPhase section */

/* Begin PBXVariantGroup section */
		150DA2382876C98500690800 /* Main.storyboard */ = {
			isa = PBXVariantGroup;
			children = (
				150DA2392876C98500690800 /* Base */,
			);
			name = Main.storyboard;
			sourceTree = "<group>";
		};
		150DA23D2876C98800690800 /* LaunchScreen.storyboard */ = {
			isa = PBXVariantGroup;
			children = (
				150DA23E2876C98800690800 /* Base */,
			);
			name = LaunchScreen.storyboard;
			sourceTree = "<group>";
		};
/* End PBXVariantGroup section */

/* Begin XCBuildConfiguration section */
		150DA2412876C98800690800 /* Debug */ = {
			isa = XCBuildConfiguration;
			buildSettings = {
				ALWAYS_SEARCH_USER_PATHS = NO;
				CLANG_ANALYZER_NONNULL = YES;
				CLANG_ANALYZER_NUMBER_OBJECT_CONVERSION = YES_AGGRESSIVE;
				CLANG_CXX_LANGUAGE_STANDARD = "gnu++14";
				CLANG_CXX_LIBRARY = "libc++";
				CLANG_ENABLE_MODULES = YES;
				CLANG_ENABLE_OBJC_ARC = YES;
				CLANG_ENABLE_OBJC_WEAK = YES;
				CLANG_WARN_BLOCK_CAPTURE_AUTORELEASING = YES;
				CLANG_WARN_BOOL_CONVERSION = YES;
				CLANG_WARN_COMMA = YES;
				CLANG_WARN_CONSTANT_CONVERSION = YES;
				CLANG_WARN_DEPRECATED_OBJC_IMPLEMENTATIONS = YES;
				CLANG_WARN_DIRECT_OBJC_ISA_USAGE = YES_ERROR;
				CLANG_WARN_DOCUMENTATION_COMMENTS = YES;
				CLANG_WARN_EMPTY_BODY = YES;
				CLANG_WARN_ENUM_CONVERSION = YES;
				CLANG_WARN_INFINITE_RECURSION = YES;
				CLANG_WARN_INT_CONVERSION = YES;
				CLANG_WARN_NON_LITERAL_NULL_CONVERSION = YES;
				CLANG_WARN_OBJC_IMPLICIT_RETAIN_SELF = YES;
				CLANG_WARN_OBJC_LITERAL_CONVERSION = YES;
				CLANG_WARN_OBJC_ROOT_CLASS = YES_ERROR;
				CLANG_WARN_QUOTED_INCLUDE_IN_FRAMEWORK_HEADER = YES;
				CLANG_WARN_RANGE_LOOP_ANALYSIS = YES;
				CLANG_WARN_STRICT_PROTOTYPES = YES;
				CLANG_WARN_SUSPICIOUS_MOVE = YES;
				CLANG_WARN_UNGUARDED_AVAILABILITY = YES_AGGRESSIVE;
				CLANG_WARN_UNREACHABLE_CODE = YES;
				CLANG_WARN__DUPLICATE_METHOD_MATCH = YES;
				COPY_PHASE_STRIP = NO;
				DEBUG_INFORMATION_FORMAT = dwarf;
				ENABLE_STRICT_OBJC_MSGSEND = YES;
				ENABLE_TESTABILITY = YES;
				GCC_C_LANGUAGE_STANDARD = gnu11;
				GCC_DYNAMIC_NO_PIC = NO;
				GCC_NO_COMMON_BLOCKS = YES;
				GCC_OPTIMIZATION_LEVEL = 0;
				GCC_PREPROCESSOR_DEFINITIONS = (
					"DEBUG=1",
					"$(inherited)",
				);
				GCC_WARN_64_TO_32_BIT_CONVERSION = YES;
				GCC_WARN_ABOUT_RETURN_TYPE = YES_ERROR;
				GCC_WARN_UNDECLARED_SELECTOR = YES;
				GCC_WARN_UNINITIALIZED_AUTOS = YES_AGGRESSIVE;
				GCC_WARN_UNUSED_FUNCTION = YES;
				GCC_WARN_UNUSED_VARIABLE = YES;
				IPHONEOS_DEPLOYMENT_TARGET = 14.0;
				MTL_ENABLE_DEBUG_INFO = INCLUDE_SOURCE;
				MTL_FAST_MATH = YES;
				ONLY_ACTIVE_ARCH = YES;
				SDKROOT = iphoneos;
				SWIFT_ACTIVE_COMPILATION_CONDITIONS = DEBUG;
				SWIFT_OPTIMIZATION_LEVEL = "-Onone";
			};
			name = Debug;
		};
		150DA2422876C98800690800 /* Release */ = {
			isa = XCBuildConfiguration;
			buildSettings = {
				ALWAYS_SEARCH_USER_PATHS = NO;
				CLANG_ANALYZER_NONNULL = YES;
				CLANG_ANALYZER_NUMBER_OBJECT_CONVERSION = YES_AGGRESSIVE;
				CLANG_CXX_LANGUAGE_STANDARD = "gnu++14";
				CLANG_CXX_LIBRARY = "libc++";
				CLANG_ENABLE_MODULES = YES;
				CLANG_ENABLE_OBJC_ARC = YES;
				CLANG_ENABLE_OBJC_WEAK = YES;
				CLANG_WARN_BLOCK_CAPTURE_AUTORELEASING = YES;
				CLANG_WARN_BOOL_CONVERSION = YES;
				CLANG_WARN_COMMA = YES;
				CLANG_WARN_CONSTANT_CONVERSION = YES;
				CLANG_WARN_DEPRECATED_OBJC_IMPLEMENTATIONS = YES;
				CLANG_WARN_DIRECT_OBJC_ISA_USAGE = YES_ERROR;
				CLANG_WARN_DOCUMENTATION_COMMENTS = YES;
				CLANG_WARN_EMPTY_BODY = YES;
				CLANG_WARN_ENUM_CONVERSION = YES;
				CLANG_WARN_INFINITE_RECURSION = YES;
				CLANG_WARN_INT_CONVERSION = YES;
				CLANG_WARN_NON_LITERAL_NULL_CONVERSION = YES;
				CLANG_WARN_OBJC_IMPLICIT_RETAIN_SELF = YES;
				CLANG_WARN_OBJC_LITERAL_CONVERSION = YES;
				CLANG_WARN_OBJC_ROOT_CLASS = YES_ERROR;
				CLANG_WARN_QUOTED_INCLUDE_IN_FRAMEWORK_HEADER = YES;
				CLANG_WARN_RANGE_LOOP_ANALYSIS = YES;
				CLANG_WARN_STRICT_PROTOTYPES = YES;
				CLANG_WARN_SUSPICIOUS_MOVE = YES;
				CLANG_WARN_UNGUARDED_AVAILABILITY = YES_AGGRESSIVE;
				CLANG_WARN_UNREACHABLE_CODE = YES;
				CLANG_WARN__DUPLICATE_METHOD_MATCH = YES;
				COPY_PHASE_STRIP = NO;
				DEBUG_INFORMATION_FORMAT = "dwarf-with-dsym";
				ENABLE_NS_ASSERTIONS = NO;
				ENABLE_STRICT_OBJC_MSGSEND = YES;
				GCC_C_LANGUAGE_STANDARD = gnu11;
				GCC_NO_COMMON_BLOCKS = YES;
				GCC_WARN_64_TO_32_BIT_CONVERSION = YES;
				GCC_WARN_ABOUT_RETURN_TYPE = YES_ERROR;
				GCC_WARN_UNDECLARED_SELECTOR = YES;
				GCC_WARN_UNINITIALIZED_AUTOS = YES_AGGRESSIVE;
				GCC_WARN_UNUSED_FUNCTION = YES;
				GCC_WARN_UNUSED_VARIABLE = YES;
				IPHONEOS_DEPLOYMENT_TARGET = 14.0;
				MTL_ENABLE_DEBUG_INFO = NO;
				MTL_FAST_MATH = YES;
				SDKROOT = iphoneos;
				SWIFT_COMPILATION_MODE = wholemodule;
				SWIFT_OPTIMIZATION_LEVEL = "-O";
				VALIDATE_PRODUCT = YES;
			};
			name = Release;
		};
		150DA2442876C98800690800 /* Debug */ = {
			isa = XCBuildConfiguration;
			baseConfigurationReference = BD065CB50E29F0577A2EFFE3 /* Pods-PodcastsCourse.debug.xcconfig */;
			buildSettings = {
				ASSETCATALOG_COMPILER_APPICON_NAME = AppIcon;
				ASSETCATALOG_COMPILER_GLOBAL_ACCENT_COLOR_NAME = AccentColor;
				CODE_SIGN_STYLE = Automatic;
				DEVELOPMENT_TEAM = 48KB556P8Y;
				INFOPLIST_FILE = PodcastsCourse/Info.plist;
				LD_RUNPATH_SEARCH_PATHS = (
					"$(inherited)",
					"@executable_path/Frameworks",
				);
				PRODUCT_BUNDLE_IDENTIFIER = ru.maksApp.PodcastsCourse;
				PRODUCT_NAME = "$(TARGET_NAME)";
				SWIFT_VERSION = 5.0;
				TARGETED_DEVICE_FAMILY = 1;
			};
			name = Debug;
		};
		150DA2452876C98800690800 /* Release */ = {
			isa = XCBuildConfiguration;
			baseConfigurationReference = 541CF5E3DBC50B65444A3361 /* Pods-PodcastsCourse.release.xcconfig */;
			buildSettings = {
				ASSETCATALOG_COMPILER_APPICON_NAME = AppIcon;
				ASSETCATALOG_COMPILER_GLOBAL_ACCENT_COLOR_NAME = AccentColor;
				CODE_SIGN_STYLE = Automatic;
				DEVELOPMENT_TEAM = 48KB556P8Y;
				INFOPLIST_FILE = PodcastsCourse/Info.plist;
				LD_RUNPATH_SEARCH_PATHS = (
					"$(inherited)",
					"@executable_path/Frameworks",
				);
				PRODUCT_BUNDLE_IDENTIFIER = ru.maksApp.PodcastsCourse;
				PRODUCT_NAME = "$(TARGET_NAME)";
				SWIFT_VERSION = 5.0;
				TARGETED_DEVICE_FAMILY = 1;
			};
			name = Release;
		};
/* End XCBuildConfiguration section */

/* Begin XCConfigurationList section */
		150DA22A2876C98500690800 /* Build configuration list for PBXProject "PodcastsCourse" */ = {
			isa = XCConfigurationList;
			buildConfigurations = (
				150DA2412876C98800690800 /* Debug */,
				150DA2422876C98800690800 /* Release */,
			);
			defaultConfigurationIsVisible = 0;
			defaultConfigurationName = Release;
		};
		150DA2432876C98800690800 /* Build configuration list for PBXNativeTarget "PodcastsCourse" */ = {
			isa = XCConfigurationList;
			buildConfigurations = (
				150DA2442876C98800690800 /* Debug */,
				150DA2452876C98800690800 /* Release */,
			);
			defaultConfigurationIsVisible = 0;
			defaultConfigurationName = Release;
		};
/* End XCConfigurationList section */
	};
	rootObject = 150DA2272876C98500690800 /* Project object */;
}
